
Microsoft Visual Studio Solution File, Format Version 12.00
# Visual Studio Version 17
VisualStudioVersion = 17.0.31903.59
MinimumVisualStudioVersion = 10.0.40219.1
Project("{FAE04EC0-301F-11D3-BF4B-00C04F79EFBC}") = "LuxuryCo.Back", "LuxuryCo.Back\LuxuryCo.Back.csproj", "{3C55BA6D-AB43-45B7-871B-977717CB4660}"
EndProject
Project("{FAE04EC0-301F-11D3-BF4B-00C04F79EFBC}") = "LuxuryCo.Database", "LuxuryCo.Database\LuxuryCo.Database.csproj", "{FBA2B15D-32C5-4344-A182-FA91AE937A3A}"
EndProject
Project("{FAE04EC0-301F-11D3-BF4B-00C04F79EFBC}") = "LuxuryCo.Front", "LuxuryCo.Front\LuxuryCo.Front.csproj", "{B6B4FA95-188D-4321-87B5-B27D74F9A671}"
EndProject
Global
	GlobalSection(SolutionConfigurationPlatforms) = preSolution
		Debug|Any CPU = Debug|Any CPU
		Debug|x64 = Debug|x64
		Debug|x86 = Debug|x86
		Release|Any CPU = Release|Any CPU
		Release|x64 = Release|x64
		Release|x86 = Release|x86
	EndGlobalSection
	GlobalSection(ProjectConfigurationPlatforms) = postSolution
		{3C55BA6D-AB43-45B7-871B-977717CB4660}.Debug|Any CPU.ActiveCfg = Debug|Any CPU
		{3C55BA6D-AB43-45B7-871B-977717CB4660}.Debug|Any CPU.Build.0 = Debug|Any CPU
		{3C55BA6D-AB43-45B7-871B-977717CB4660}.Debug|x64.ActiveCfg = Debug|Any CPU
		{3C55BA6D-AB43-45B7-871B-977717CB4660}.Debug|x64.Build.0 = Debug|Any CPU
		{3C55BA6D-AB43-45B7-871B-977717CB4660}.Debug|x86.ActiveCfg = Debug|Any CPU
		{3C55BA6D-AB43-45B7-871B-977717CB4660}.Debug|x86.Build.0 = Debug|Any CPU
		{3C55BA6D-AB43-45B7-871B-977717CB4660}.Release|Any CPU.ActiveCfg = Release|Any CPU
		{3C55BA6D-AB43-45B7-871B-977717CB4660}.Release|Any CPU.Build.0 = Release|Any CPU
		{3C55BA6D-AB43-45B7-871B-977717CB4660}.Release|x64.ActiveCfg = Release|Any CPU
		{3C55BA6D-AB43-45B7-871B-977717CB4660}.Release|x64.Build.0 = Release|Any CPU
		{3C55BA6D-AB43-45B7-871B-977717CB4660}.Release|x86.ActiveCfg = Release|Any CPU
		{3C55BA6D-AB43-45B7-871B-977717CB4660}.Release|x86.Build.0 = Release|Any CPU
		{FBA2B15D-32C5-4344-A182-FA91AE937A3A}.Debug|Any CPU.ActiveCfg = Debug|Any CPU
		{FBA2B15D-32C5-4344-A182-FA91AE937A3A}.Debug|Any CPU.Build.0 = Debug|Any CPU
		{FBA2B15D-32C5-4344-A182-FA91AE937A3A}.Debug|x64.ActiveCfg = Debug|Any CPU
		{FBA2B15D-32C5-4344-A182-FA91AE937A3A}.Debug|x64.Build.0 = Debug|Any CPU
		{FBA2B15D-32C5-4344-A182-FA91AE937A3A}.Debug|x86.ActiveCfg = Debug|Any CPU
		{FBA2B15D-32C5-4344-A182-FA91AE937A3A}.Debug|x86.Build.0 = Debug|Any CPU
		{FBA2B15D-32C5-4344-A182-FA91AE937A3A}.Release|Any CPU.ActiveCfg = Release|Any CPU
		{FBA2B15D-32C5-4344-A182-FA91AE937A3A}.Release|Any CPU.Build.0 = Release|Any CPU
		{FBA2B15D-32C5-4344-A182-FA91AE937A3A}.Release|x64.ActiveCfg = Release|Any CPU
		{FBA2B15D-32C5-4344-A182-FA91AE937A3A}.Release|x64.Build.0 = Release|Any CPU
		{FBA2B15D-32C5-4344-A182-FA91AE937A3A}.Release|x86.ActiveCfg = Release|Any CPU
		{FBA2B15D-32C5-4344-A182-FA91AE937A3A}.Release|x86.Build.0 = Release|Any CPU
		{B6B4FA95-188D-4321-87B5-B27D74F9A671}.Debug|Any CPU.ActiveCfg = Debug|Any CPU
		{B6B4FA95-188D-4321-87B5-B27D74F9A671}.Debug|Any CPU.Build.0 = Debug|Any CPU
		{B6B4FA95-188D-4321-87B5-B27D74F9A671}.Debug|x64.ActiveCfg = Debug|Any CPU
		{B6B4FA95-188D-4321-87B5-B27D74F9A671}.Debug|x64.Build.0 = Debug|Any CPU
		{B6B4FA95-188D-4321-87B5-B27D74F9A671}.Debug|x86.ActiveCfg = Debug|Any CPU
		{B6B4FA95-188D-4321-87B5-B27D74F9A671}.Debug|x86.Build.0 = Debug|Any CPU
		{B6B4FA95-188D-4321-87B5-B27D74F9A671}.Release|Any CPU.ActiveCfg = Release|Any CPU
		{B6B4FA95-188D-4321-87B5-B27D74F9A671}.Release|Any CPU.Build.0 = Release|Any CPU
		{B6B4FA95-188D-4321-87B5-B27D74F9A671}.Release|x64.ActiveCfg = Release|Any CPU
		{B6B4FA95-188D-4321-87B5-B27D74F9A671}.Release|x64.Build.0 = Release|Any CPU
		{B6B4FA95-188D-4321-87B5-B27D74F9A671}.Release|x86.ActiveCfg = Release|Any CPU
		{B6B4FA95-188D-4321-87B5-B27D74F9A671}.Release|x86.Build.0 = Release|Any CPU
	EndGlobalSection
	GlobalSection(SolutionProperties) = preSolution
		HideSolutionNode = FALSE
	EndGlobalSection
EndGlobal
